
Microsoft Visual Studio Solution File, Format Version 12.00
# Visual Studio Version 17
VisualStudioVersion = 17.5.002.0
MinimumVisualStudioVersion = 10.0.40219.1
Project("{2150E333-8FDC-42A3-9474-1A3956D46DE8}") = "Back", "Back", "{C740E0B2-1BF6-4E90-B187-47F9BB5D5B54}"
EndProject
Project("{2150E333-8FDC-42A3-9474-1A3956D46DE8}") = "src", "src", "{FF5B41DD-D8E5-414B-BB58-BA3DF6A0D341}"
EndProject
Project("{9A19103F-16F7-4668-BE54-9A1E7A4F7556}") = "Nunes-Sport.API", "Back\src\Nunes-Sport.API\Nunes-Sport.API.csproj", "{8DE343A5-0E0D-4E28-ADFF-37A0D9105095}"
EndProject
Global
	GlobalSection(SolutionConfigurationPlatforms) = preSolution
		Debug|Any CPU = Debug|Any CPU
		Release|Any CPU = Release|Any CPU
	EndGlobalSection
	GlobalSection(ProjectConfigurationPlatforms) = postSolution
		{8DE343A5-0E0D-4E28-ADFF-37A0D9105095}.Debug|Any CPU.ActiveCfg = Debug|Any CPU
		{8DE343A5-0E0D-4E28-ADFF-37A0D9105095}.Debug|Any CPU.Build.0 = Debug|Any CPU
		{8DE343A5-0E0D-4E28-ADFF-37A0D9105095}.Release|Any CPU.ActiveCfg = Release|Any CPU
		{8DE343A5-0E0D-4E28-ADFF-37A0D9105095}.Release|Any CPU.Build.0 = Release|Any CPU
	EndGlobalSection
	GlobalSection(SolutionProperties) = preSolution
		HideSolutionNode = FALSE
	EndGlobalSection
	GlobalSection(NestedProjects) = preSolution
		{FF5B41DD-D8E5-414B-BB58-BA3DF6A0D341} = {C740E0B2-1BF6-4E90-B187-47F9BB5D5B54}
		{8DE343A5-0E0D-4E28-ADFF-37A0D9105095} = {FF5B41DD-D8E5-414B-BB58-BA3DF6A0D341}
	EndGlobalSection
	GlobalSection(ExtensibilityGlobals) = postSolution
		SolutionGuid = {591353EB-B487-49A6-8084-B7EA0117F8A9}
	EndGlobalSection
EndGlobal
